{
  "lockfileVersion": 1,
  "configVersion": 1,
  "workspaces": {
    "": {
      "name": "gramio",
      "dependencies": {
        "@gramio/callback-data": "^0.1.0",
        "@gramio/composer": "^0.3.3",
        "@gramio/contexts": "^0.5.0",
        "@gramio/files": "^0.3.1",
        "@gramio/format": "^0.5.0",
        "@gramio/keyboards": "^1.3.0",
        "@gramio/types": "^9.5.0",
        "debug": "^4.4.3",
      },
      "devDependencies": {
        "@biomejs/biome": "2.4.4",
        "@gramio/test": "^0.3.1",
        "@types/bun": "^1.3.9",
        "@types/debug": "^4.1.12",
        "expect-type": "^1.3.0",
        "pkgroll": "^2.27.0",
        "typescript": "^5.9.3",
      },
    },
  },
  "packages": {
    "@biomejs/biome": ["@biomejs/biome@2.4.4", "", { "optionalDependencies": { "@biomejs/cli-darwin-arm64": "2.4.4", "@biomejs/cli-darwin-x64": "2.4.4", "@biomejs/cli-linux-arm64": "2.4.4", "@biomejs/cli-linux-arm64-musl": "2.4.4", "@biomejs/cli-linux-x64": "2.4.4", "@biomejs/cli-linux-x64-musl": "2.4.4", "@biomejs/cli-win32-arm64": "2.4.4", "@biomejs/cli-win32-x64": "2.4.4" }, "bin": { "biome": "bin/biome" } }, "sha512-tigwWS5KfJf0cABVd52NVaXyAVv4qpUXOWJ1rxFL8xF1RVoeS2q/LK+FHgYoKMclJCuRoCWAPy1IXaN9/mS61Q=="],

    "@biomejs/cli-darwin-arm64": ["@biomejs/cli-darwin-arm64@2.4.4", "", { "os": "darwin", "cpu": "arm64" }, "sha512-jZ+Xc6qvD6tTH5jM6eKX44dcbyNqJHssfl2nnwT6vma6B1sj7ZLTGIk6N5QwVBs5xGN52r3trk5fgd3sQ9We9A=="],

    "@biomejs/cli-darwin-x64": ["@biomejs/cli-darwin-x64@2.4.4", "", { "os": "darwin", "cpu": "x64" }, "sha512-Dh1a/+W+SUCXhEdL7TiX3ArPTFCQKJTI1mGncZNWfO+6suk+gYA4lNyJcBB+pwvF49uw0pEbUS49BgYOY4hzUg=="],

    "@biomejs/cli-linux-arm64": ["@biomejs/cli-linux-arm64@2.4.4", "", { "os": "linux", "cpu": "arm64" }, "sha512-V/NFfbWhsUU6w+m5WYbBenlEAz8eYnSqRMDMAW3K+3v0tYVkNyZn8VU0XPxk/lOqNXLSCCrV7FmV/u3SjCBShg=="],

    "@biomejs/cli-linux-arm64-musl": ["@biomejs/cli-linux-arm64-musl@2.4.4", "", { "os": "linux", "cpu": "arm64" }, "sha512-+sPAXq3bxmFwhVFJnSwkSF5Rw2ZAJMH3MF6C9IveAEOdSpgajPhoQhbbAK12SehN9j2QrHpk4J/cHsa/HqWaYQ=="],

    "@biomejs/cli-linux-x64": ["@biomejs/cli-linux-x64@2.4.4", "", { "os": "linux", "cpu": "x64" }, "sha512-R4+ZCDtG9kHArasyBO+UBD6jr/FcFCTH8QkNTOCu0pRJzCWyWC4EtZa2AmUZB5h3e0jD7bRV2KvrENcf8rndBg=="],

    "@biomejs/cli-linux-x64-musl": ["@biomejs/cli-linux-x64-musl@2.4.4", "", { "os": "linux", "cpu": "x64" }, "sha512-gGvFTGpOIQDb5CQ2VC0n9Z2UEqlP46c4aNgHmAMytYieTGEcfqhfCFnhs6xjt0S3igE6q5GLuIXtdQt3Izok+g=="],

    "@biomejs/cli-win32-arm64": ["@biomejs/cli-win32-arm64@2.4.4", "", { "os": "win32", "cpu": "arm64" }, "sha512-trzCqM7x+Gn832zZHgr28JoYagQNX4CZkUZhMUac2YxvvyDRLJDrb5m9IA7CaZLlX6lTQmADVfLEKP1et1Ma4Q=="],

    "@biomejs/cli-win32-x64": ["@biomejs/cli-win32-x64@2.4.4", "", { "os": "win32", "cpu": "x64" }, "sha512-gnOHKVPFAAPrpoPt2t+Q6FZ7RPry/FDV3GcpU53P3PtLNnQjBmKyN2Vh/JtqXet+H4pme8CC76rScwdjDcT1/A=="],

    "@esbuild/aix-ppc64": ["@esbuild/aix-ppc64@0.26.0", "", { "os": "aix", "cpu": "ppc64" }, "sha512-hj0sKNCQOOo2fgyII3clmJXP28VhgDfU5iy3GNHlWO76KG6N7x4D9ezH5lJtQTG+1J6MFDAJXC1qsI+W+LvZoA=="],

    "@esbuild/android-arm": ["@esbuild/android-arm@0.26.0", "", { "os": "android", "cpu": "arm" }, "sha512-C0hkDsYNHZkBtPxxDx177JN90/1MiCpvBNjz1f5yWJo1+5+c5zr8apjastpEG+wtPjo9FFtGG7owSsAxyKiHxA=="],

    "@esbuild/android-arm64": ["@esbuild/android-arm64@0.26.0", "", { "os": "android", "cpu": "arm64" }, "sha512-DDnoJ5eoa13L8zPh87PUlRd/IyFaIKOlRbxiwcSbeumcJ7UZKdtuMCHa1Q27LWQggug6W4m28i4/O2qiQQ5NZQ=="],

    "@esbuild/android-x64": ["@esbuild/android-x64@0.26.0", "", { "os": "android", "cpu": "x64" }, "sha512-bKDkGXGZnj0T70cRpgmv549x38Vr2O3UWLbjT2qmIkdIWcmlg8yebcFWoT9Dku7b5OV3UqPEuNKRzlNhjwUJ9A=="],

    "@esbuild/darwin-arm64": ["@esbuild/darwin-arm64@0.26.0", "", { "os": "darwin", "cpu": "arm64" }, "sha512-6Z3naJgOuAIB0RLlJkYc81An3rTlQ/IeRdrU3dOea8h/PvZSgitZV+thNuIccw0MuK1GmIAnAmd5TrMZad8FTQ=="],

    "@esbuild/darwin-x64": ["@esbuild/darwin-x64@0.26.0", "", { "os": "darwin", "cpu": "x64" }, "sha512-OPnYj0zpYW0tHusMefyaMvNYQX5pNQuSsHFTHUBNp3vVXupwqpxofcjVsUx11CQhGVkGeXjC3WLjh91hgBG2xw=="],

    "@esbuild/freebsd-arm64": ["@esbuild/freebsd-arm64@0.26.0", "", { "os": "freebsd", "cpu": "arm64" }, "sha512-jix2fa6GQeZhO1sCKNaNMjfj5hbOvoL2F5t+w6gEPxALumkpOV/wq7oUBMHBn2hY2dOm+mEV/K+xfZy3mrsxNQ=="],

    "@esbuild/freebsd-x64": ["@esbuild/freebsd-x64@0.26.0", "", { "os": "freebsd", "cpu": "x64" }, "sha512-tccJaH5xHJD/239LjbVvJwf6T4kSzbk6wPFerF0uwWlkw/u7HL+wnAzAH5GB2irGhYemDgiNTp8wJzhAHQ64oA=="],

    "@esbuild/linux-arm": ["@esbuild/linux-arm@0.26.0", "", { "os": "linux", "cpu": "arm" }, "sha512-JY8NyU31SyRmRpuc5W8PQarAx4TvuYbyxbPIpHAZdr/0g4iBr8KwQBS4kiiamGl2f42BBecHusYCsyxi7Kn8UQ=="],

    "@esbuild/linux-arm64": ["@esbuild/linux-arm64@0.26.0", "", { "os": "linux", "cpu": "arm64" }, "sha512-IMJYN7FSkLttYyTbsbme0Ra14cBO5z47kpamo16IwggzzATFY2lcZAwkbcNkWiAduKrTgFJP7fW5cBI7FzcuNQ=="],

    "@esbuild/linux-ia32": ["@esbuild/linux-ia32@0.26.0", "", { "os": "linux", "cpu": "ia32" }, "sha512-XITaGqGVLgk8WOHw8We9Z1L0lbLFip8LyQzKYFKO4zFo1PFaaSKsbNjvkb7O8kEXytmSGRkYpE8LLVpPJpsSlw=="],

    "@esbuild/linux-loong64": ["@esbuild/linux-loong64@0.26.0", "", { "os": "linux", "cpu": "none" }, "sha512-MkggfbDIczStUJwq9wU7gQ7kO33d8j9lWuOCDifN9t47+PeI+9m2QVh51EI/zZQ1spZtFMC1nzBJ+qNGCjJnsg=="],

    "@esbuild/linux-mips64el": ["@esbuild/linux-mips64el@0.26.0", "", { "os": "linux", "cpu": "none" }, "sha512-fUYup12HZWAeccNLhQ5HwNBPr4zXCPgUWzEq2Rfw7UwqwfQrFZ0SR/JljaURR8xIh9t+o1lNUFTECUTmaP7yKA=="],

    "@esbuild/linux-ppc64": ["@esbuild/linux-ppc64@0.26.0", "", { "os": "linux", "cpu": "ppc64" }, "sha512-MzRKhM0Ip+//VYwC8tialCiwUQ4G65WfALtJEFyU0GKJzfTYoPBw5XNWf0SLbCUYQbxTKamlVwPmcw4DgZzFxg=="],

    "@esbuild/linux-riscv64": ["@esbuild/linux-riscv64@0.26.0", "", { "os": "linux", "cpu": "none" }, "sha512-QhCc32CwI1I4Jrg1enCv292sm3YJprW8WHHlyxJhae/dVs+KRWkbvz2Nynl5HmZDW/m9ZxrXayHzjzVNvQMGQA=="],

    "@esbuild/linux-s390x": ["@esbuild/linux-s390x@0.26.0", "", { "os": "linux", "cpu": "s390x" }, "sha512-1D6vi6lfI18aNT1aTf2HV+RIlm6fxtlAp8eOJ4mmnbYmZ4boz8zYDar86sIYNh0wmiLJEbW/EocaKAX6Yso2fw=="],

    "@esbuild/linux-x64": ["@esbuild/linux-x64@0.26.0", "", { "os": "linux", "cpu": "x64" }, "sha512-rnDcepj7LjrKFvZkx+WrBv6wECeYACcFjdNPvVPojCPJD8nHpb3pv3AuR9CXgdnjH1O23btICj0rsp0L9wAnHA=="],

    "@esbuild/netbsd-arm64": ["@esbuild/netbsd-arm64@0.26.0", "", { "os": "none", "cpu": "arm64" }, "sha512-FSWmgGp0mDNjEXXFcsf12BmVrb+sZBBBlyh3LwB/B9ac3Kkc8x5D2WimYW9N7SUkolui8JzVnVlWh7ZmjCpnxw=="],

    "@esbuild/netbsd-x64": ["@esbuild/netbsd-x64@0.26.0", "", { "os": "none", "cpu": "x64" }, "sha512-0QfciUDFryD39QoSPUDshj4uNEjQhp73+3pbSAaxjV2qGOEDsM67P7KbJq7LzHoVl46oqhIhJ1S+skKGR7lMXA=="],

    "@esbuild/openbsd-arm64": ["@esbuild/openbsd-arm64@0.26.0", "", { "os": "openbsd", "cpu": "arm64" }, "sha512-vmAK+nHhIZWImwJ3RNw9hX3fU4UGN/OqbSE0imqljNbUQC3GvVJ1jpwYoTfD6mmXmQaxdJY6Hn4jQbLGJKg5Yw=="],

    "@esbuild/openbsd-x64": ["@esbuild/openbsd-x64@0.26.0", "", { "os": "openbsd", "cpu": "x64" }, "sha512-GPXF7RMkJ7o9bTyUsnyNtrFMqgM3X+uM/LWw4CeHIjqc32fm0Ir6jKDnWHpj8xHFstgWDUYseSABK9KCkHGnpg=="],

    "@esbuild/openharmony-arm64": ["@esbuild/openharmony-arm64@0.26.0", "", { "os": "none", "cpu": "arm64" }, "sha512-nUHZ5jEYqbBthbiBksbmHTlbb5eElyVfs/s1iHQ8rLBq1eWsd5maOnDpCocw1OM8kFK747d1Xms8dXJHtduxSw=="],

    "@esbuild/sunos-x64": ["@esbuild/sunos-x64@0.26.0", "", { "os": "sunos", "cpu": "x64" }, "sha512-TMg3KCTCYYaVO+R6P5mSORhcNDDlemUVnUbb8QkboUtOhb5JWKAzd5uMIMECJQOxHZ/R+N8HHtDF5ylzLfMiLw=="],

    "@esbuild/win32-arm64": ["@esbuild/win32-arm64@0.26.0", "", { "os": "win32", "cpu": "arm64" }, "sha512-apqYgoAUd6ZCb9Phcs8zN32q6l0ZQzQBdVXOofa6WvHDlSOhwCWgSfVQabGViThS40Y1NA4SCvQickgZMFZRlA=="],

    "@esbuild/win32-ia32": ["@esbuild/win32-ia32@0.26.0", "", { "os": "win32", "cpu": "ia32" }, "sha512-FGJAcImbJNZzLWu7U6WB0iKHl4RuY4TsXEwxJPl9UZLS47agIZuILZEX3Pagfw7I4J3ddflomt9f0apfaJSbaw=="],

    "@esbuild/win32-x64": ["@esbuild/win32-x64@0.26.0", "", { "os": "win32", "cpu": "x64" }, "sha512-WAckBKaVnmFqbEhbymrPK7M086DQMpL1XoRbpmN0iW8k5JSXjDRQBhcZNa0VweItknLq9eAeCL34jK7/CDcw7A=="],

    "@gramio/callback-data": ["@gramio/callback-data@0.1.0", "", {}, "sha512-eqpR2Bod7dySDLDu8RB3xJdcrwyE3ZrhHaP+v0xOqWbgOCGY+gZp37E2E0KeXq/ko/8DLp3XeTaQD61++kiK6A=="],

    "@gramio/composer": ["@gramio/composer@0.3.3", "", {}, "sha512-IB+nnAh8NO8QweO+7XAL/UHaLAk/V5oVY4yUaVYyCPJi5R8zjdYNYbpaTSDtwryx6RQs7BWvj+wU1yvsq9K8vA=="],

    "@gramio/contexts": ["@gramio/contexts@0.5.0", "", { "peerDependencies": { "@gramio/types": "9.5.0", "inspectable": "^3.0.1" } }, "sha512-hSdzLSk0SVQC4jaEwYvxjdzrdxgKYshkwzCIUOHxetlBn5leXIZfyecEBBYbgaH7kqasrci6SIipE1rzGxTTSA=="],

    "@gramio/files": ["@gramio/files@0.3.1", "", { "dependencies": { "@gramio/types": "^9.0.0" } }, "sha512-KU8Yr1Gf8D8CzJp3C/paA9MpW0O2X/V3Y81cAVtRdbfyYufTQSBbVkPVLW2yy85wdCXLagHYjaJoehFCZPz/Lw=="],

    "@gramio/format": ["@gramio/format@0.5.0", "", { "dependencies": { "@gramio/types": "^9.5.0" }, "peerDependencies": { "marked": "^15.0.11", "node-html-parser": ">=6.0.0" }, "optionalPeers": ["marked", "node-html-parser"] }, "sha512-aVW3XfmrTQHiDeUB0Ps0S7z9L2Kxvn9RL193rAWxtsj6aW0EUNRUyVhJw9zk4Q1fmnWaO3kqUAHDrcce5d36ng=="],

    "@gramio/keyboards": ["@gramio/keyboards@1.3.0", "", { "dependencies": { "@gramio/types": "^9.3.1" } }, "sha512-bIt2gJPRawDM5AjFW4oEvxUls1cp2d6gOrfmGtLrkBvNjR5QqsLmKmItXAh2uFDEhJjY5mFsPVIoH7J3xA0j+w=="],

    "@gramio/test": ["@gramio/test@0.3.1", "", { "peerDependencies": { "@gramio/types": "^9.4.2", "gramio": "^0.6.0" } }, "sha512-1JPFk5V/OP0v9ePPAr+tP5AdjfbnuS/SKtqSz1QzAJIwMGuhf9VqOa8eEOpCtKcK8aofPmJKypm4RZ13pf70PQ=="],

    "@gramio/types": ["@gramio/types@9.5.0", "", {}, "sha512-bpOxXjtsabZpm2TTvr0QA4XJKPVeIoN0scMFuViUaLb1FbtQ+yp4hGz0XUKHVUTr39TzPV4ICANNX5b5uMtTKw=="],

    "@jridgewell/sourcemap-codec": ["@jridgewell/sourcemap-codec@1.5.5", "", {}, "sha512-cYQ9310grqxueWbl+WuIUIaiUaDcj7WOq5fVhEljNVgRfOUhY9fy2zTvfoqWsnebh8Sl70VScFbICvJnLKB0Og=="],

    "@nodelib/fs.scandir": ["@nodelib/fs.scandir@2.1.5", "", { "dependencies": { "@nodelib/fs.stat": "2.0.5", "run-parallel": "^1.1.9" } }, "sha512-vq24Bq3ym5HEQm2NKCr3yXDwjc7vTsEThRDnkp2DK9p1uqLR+DHurm/NOTo0KG7HYHU7eppKZj3MyqYuMBf62g=="],

    "@nodelib/fs.stat": ["@nodelib/fs.stat@2.0.5", "", {}, "sha512-RkhPPp2zrqDAQA/2jNhnztcPAlv64XdhIp7a7454A5ovI7Bukxgt7MX7udwAu3zg1DcpPU0rz3VV1SeaqvY4+A=="],

    "@nodelib/fs.walk": ["@nodelib/fs.walk@1.2.8", "", { "dependencies": { "@nodelib/fs.scandir": "2.1.5", "fastq": "^1.6.0" } }, "sha512-oGB+UxlgWcgQkgwo8GcEGwemoTFt3FIO9ababBmaGwXIoBKZ+GTy0pP185beGg7Llih/NSHSV2XAs1lnznocSg=="],

    "@rollup/plugin-alias": ["@rollup/plugin-alias@6.0.0", "", { "peerDependencies": { "rollup": ">=4.0.0" }, "optionalPeers": ["rollup"] }, "sha512-tPCzJOtS7uuVZd+xPhoy5W4vThe6KWXNmsFCNktaAh5RTqcLiSfT4huPQIXkgJ6YCOjJHvecOAzQxLFhPxKr+g=="],

    "@rollup/plugin-commonjs": ["@rollup/plugin-commonjs@29.0.0", "", { "dependencies": { "@rollup/pluginutils": "^5.0.1", "commondir": "^1.0.1", "estree-walker": "^2.0.2", "fdir": "^6.2.0", "is-reference": "1.2.1", "magic-string": "^0.30.3", "picomatch": "^4.0.2" }, "peerDependencies": { "rollup": "^2.68.0||^3.0.0||^4.0.0" }, "optionalPeers": ["rollup"] }, "sha512-U2YHaxR2cU/yAiwKJtJRhnyLk7cifnQw0zUpISsocBDoHDJn+HTV74ABqnwr5bEgWUwFZC9oFL6wLe21lHu5eQ=="],

    "@rollup/plugin-dynamic-import-vars": ["@rollup/plugin-dynamic-import-vars@2.1.5", "", { "dependencies": { "@rollup/pluginutils": "^5.0.1", "astring": "^1.8.5", "estree-walker": "^2.0.2", "fast-glob": "^3.2.12", "magic-string": "^0.30.3" }, "peerDependencies": { "rollup": "^1.20.0||^2.0.0||^3.0.0||^4.0.0" }, "optionalPeers": ["rollup"] }, "sha512-Mymi24fd9hlRifdZV/jYIFj1dn99F34imiYu3KzlAcgBcRi3i9SucgW/VRo5SQ9K4NuQ7dCep6pFWgNyhRdFHQ=="],

    "@rollup/plugin-json": ["@rollup/plugin-json@6.1.0", "", { "dependencies": { "@rollup/pluginutils": "^5.1.0" }, "peerDependencies": { "rollup": "^1.20.0||^2.0.0||^3.0.0||^4.0.0" }, "optionalPeers": ["rollup"] }, "sha512-EGI2te5ENk1coGeADSIwZ7G2Q8CJS2sF120T7jLw4xFw9n7wIOXHo+kIYRAoVpJAN+kmqZSoO3Fp4JtoNF4ReA=="],

    "@rollup/plugin-node-resolve": ["@rollup/plugin-node-resolve@16.0.3", "", { "dependencies": { "@rollup/pluginutils": "^5.0.1", "@types/resolve": "1.20.2", "deepmerge": "^4.2.2", "is-module": "^1.0.0", "resolve": "^1.22.1" }, "peerDependencies": { "rollup": "^2.78.0||^3.0.0||^4.0.0" }, "optionalPeers": ["rollup"] }, "sha512-lUYM3UBGuM93CnMPG1YocWu7X802BrNF3jW2zny5gQyLQgRFJhV1Sq0Zi74+dh/6NBx1DxFC4b4GXg9wUCG5Qg=="],

    "@rollup/pluginutils": ["@rollup/pluginutils@5.3.0", "", { "dependencies": { "@types/estree": "^1.0.0", "estree-walker": "^2.0.2", "picomatch": "^4.0.2" }, "peerDependencies": { "rollup": "^1.20.0||^2.0.0||^3.0.0||^4.0.0" }, "optionalPeers": ["rollup"] }, "sha512-5EdhGZtnu3V88ces7s53hhfK5KSASnJZv8Lulpc04cWO3REESroJXg73DFsOmgbU2BhwV0E20bu2IDZb3VKW4Q=="],

    "@rollup/rollup-android-arm-eabi": ["@rollup/rollup-android-arm-eabi@4.59.0", "", { "os": "android", "cpu": "arm" }, "sha512-upnNBkA6ZH2VKGcBj9Fyl9IGNPULcjXRlg0LLeaioQWueH30p6IXtJEbKAgvyv+mJaMxSm1l6xwDXYjpEMiLMg=="],

    "@rollup/rollup-android-arm64": ["@rollup/rollup-android-arm64@4.59.0", "", { "os": "android", "cpu": "arm64" }, "sha512-hZ+Zxj3SySm4A/DylsDKZAeVg0mvi++0PYVceVyX7hemkw7OreKdCvW2oQ3T1FMZvCaQXqOTHb8qmBShoqk69Q=="],

    "@rollup/rollup-darwin-arm64": ["@rollup/rollup-darwin-arm64@4.59.0", "", { "os": "darwin", "cpu": "arm64" }, "sha512-W2Psnbh1J8ZJw0xKAd8zdNgF9HRLkdWwwdWqubSVk0pUuQkoHnv7rx4GiF9rT4t5DIZGAsConRE3AxCdJ4m8rg=="],

    "@rollup/rollup-darwin-x64": ["@rollup/rollup-darwin-x64@4.59.0", "", { "os": "darwin", "cpu": "x64" }, "sha512-ZW2KkwlS4lwTv7ZVsYDiARfFCnSGhzYPdiOU4IM2fDbL+QGlyAbjgSFuqNRbSthybLbIJ915UtZBtmuLrQAT/w=="],

    "@rollup/rollup-freebsd-arm64": ["@rollup/rollup-freebsd-arm64@4.59.0", "", { "os": "freebsd", "cpu": "arm64" }, "sha512-EsKaJ5ytAu9jI3lonzn3BgG8iRBjV4LxZexygcQbpiU0wU0ATxhNVEpXKfUa0pS05gTcSDMKpn3Sx+QB9RlTTA=="],

    "@rollup/rollup-freebsd-x64": ["@rollup/rollup-freebsd-x64@4.59.0", "", { "os": "freebsd", "cpu": "x64" }, "sha512-d3DuZi2KzTMjImrxoHIAODUZYoUUMsuUiY4SRRcJy6NJoZ6iIqWnJu9IScV9jXysyGMVuW+KNzZvBLOcpdl3Vg=="],

    "@rollup/rollup-linux-arm-gnueabihf": ["@rollup/rollup-linux-arm-gnueabihf@4.59.0", "", { "os": "linux", "cpu": "arm" }, "sha512-t4ONHboXi/3E0rT6OZl1pKbl2Vgxf9vJfWgmUoCEVQVxhW6Cw/c8I6hbbu7DAvgp82RKiH7TpLwxnJeKv2pbsw=="],

    "@rollup/rollup-linux-arm-musleabihf": ["@rollup/rollup-linux-arm-musleabihf@4.59.0", "", { "os": "linux", "cpu": "arm" }, "sha512-CikFT7aYPA2ufMD086cVORBYGHffBo4K8MQ4uPS/ZnY54GKj36i196u8U+aDVT2LX4eSMbyHtyOh7D7Zvk2VvA=="],

    "@rollup/rollup-linux-arm64-gnu": ["@rollup/rollup-linux-arm64-gnu@4.59.0", "", { "os": "linux", "cpu": "arm64" }, "sha512-jYgUGk5aLd1nUb1CtQ8E+t5JhLc9x5WdBKew9ZgAXg7DBk0ZHErLHdXM24rfX+bKrFe+Xp5YuJo54I5HFjGDAA=="],

    "@rollup/rollup-linux-arm64-musl": ["@rollup/rollup-linux-arm64-musl@4.59.0", "", { "os": "linux", "cpu": "arm64" }, "sha512-peZRVEdnFWZ5Bh2KeumKG9ty7aCXzzEsHShOZEFiCQlDEepP1dpUl/SrUNXNg13UmZl+gzVDPsiCwnV1uI0RUA=="],

    "@rollup/rollup-linux-loong64-gnu": ["@rollup/rollup-linux-loong64-gnu@4.59.0", "", { "os": "linux", "cpu": "none" }, "sha512-gbUSW/97f7+r4gHy3Jlup8zDG190AuodsWnNiXErp9mT90iCy9NKKU0Xwx5k8VlRAIV2uU9CsMnEFg/xXaOfXg=="],

    "@rollup/rollup-linux-loong64-musl": ["@rollup/rollup-linux-loong64-musl@4.59.0", "", { "os": "linux", "cpu": "none" }, "sha512-yTRONe79E+o0FWFijasoTjtzG9EBedFXJMl888NBEDCDV9I2wGbFFfJQQe63OijbFCUZqxpHz1GzpbtSFikJ4Q=="],

    "@rollup/rollup-linux-ppc64-gnu": ["@rollup/rollup-linux-ppc64-gnu@4.59.0", "", { "os": "linux", "cpu": "ppc64" }, "sha512-sw1o3tfyk12k3OEpRddF68a1unZ5VCN7zoTNtSn2KndUE+ea3m3ROOKRCZxEpmT9nsGnogpFP9x6mnLTCaoLkA=="],

    "@rollup/rollup-linux-ppc64-musl": ["@rollup/rollup-linux-ppc64-musl@4.59.0", "", { "os": "linux", "cpu": "ppc64" }, "sha512-+2kLtQ4xT3AiIxkzFVFXfsmlZiG5FXYW7ZyIIvGA7Bdeuh9Z0aN4hVyXS/G1E9bTP/vqszNIN/pUKCk/BTHsKA=="],

    "@rollup/rollup-linux-riscv64-gnu": ["@rollup/rollup-linux-riscv64-gnu@4.59.0", "", { "os": "linux", "cpu": "none" }, "sha512-NDYMpsXYJJaj+I7UdwIuHHNxXZ/b/N2hR15NyH3m2qAtb/hHPA4g4SuuvrdxetTdndfj9b1WOmy73kcPRoERUg=="],

    "@rollup/rollup-linux-riscv64-musl": ["@rollup/rollup-linux-riscv64-musl@4.59.0", "", { "os": "linux", "cpu": "none" }, "sha512-nLckB8WOqHIf1bhymk+oHxvM9D3tyPndZH8i8+35p/1YiVoVswPid2yLzgX7ZJP0KQvnkhM4H6QZ5m0LzbyIAg=="],

    "@rollup/rollup-linux-s390x-gnu": ["@rollup/rollup-linux-s390x-gnu@4.59.0", "", { "os": "linux", "cpu": "s390x" }, "sha512-oF87Ie3uAIvORFBpwnCvUzdeYUqi2wY6jRFWJAy1qus/udHFYIkplYRW+wo+GRUP4sKzYdmE1Y3+rY5Gc4ZO+w=="],

    "@rollup/rollup-linux-x64-gnu": ["@rollup/rollup-linux-x64-gnu@4.59.0", "", { "os": "linux", "cpu": "x64" }, "sha512-3AHmtQq/ppNuUspKAlvA8HtLybkDflkMuLK4DPo77DfthRb71V84/c4MlWJXixZz4uruIH4uaa07IqoAkG64fg=="],

    "@rollup/rollup-linux-x64-musl": ["@rollup/rollup-linux-x64-musl@4.59.0", "", { "os": "linux", "cpu": "x64" }, "sha512-2UdiwS/9cTAx7qIUZB/fWtToJwvt0Vbo0zmnYt7ED35KPg13Q0ym1g442THLC7VyI6JfYTP4PiSOWyoMdV2/xg=="],

    "@rollup/rollup-openbsd-x64": ["@rollup/rollup-openbsd-x64@4.59.0", "", { "os": "openbsd", "cpu": "x64" }, "sha512-M3bLRAVk6GOwFlPTIxVBSYKUaqfLrn8l0psKinkCFxl4lQvOSz8ZrKDz2gxcBwHFpci0B6rttydI4IpS4IS/jQ=="],

    "@rollup/rollup-openharmony-arm64": ["@rollup/rollup-openharmony-arm64@4.59.0", "", { "os": "none", "cpu": "arm64" }, "sha512-tt9KBJqaqp5i5HUZzoafHZX8b5Q2Fe7UjYERADll83O4fGqJ49O1FsL6LpdzVFQcpwvnyd0i+K/VSwu/o/nWlA=="],

    "@rollup/rollup-win32-arm64-msvc": ["@rollup/rollup-win32-arm64-msvc@4.59.0", "", { "os": "win32", "cpu": "arm64" }, "sha512-V5B6mG7OrGTwnxaNUzZTDTjDS7F75PO1ae6MJYdiMu60sq0CqN5CVeVsbhPxalupvTX8gXVSU9gq+Rx1/hvu6A=="],

    "@rollup/rollup-win32-ia32-msvc": ["@rollup/rollup-win32-ia32-msvc@4.59.0", "", { "os": "win32", "cpu": "ia32" }, "sha512-UKFMHPuM9R0iBegwzKF4y0C4J9u8C6MEJgFuXTBerMk7EJ92GFVFYBfOZaSGLu6COf7FxpQNqhNS4c4icUPqxA=="],

    "@rollup/rollup-win32-x64-gnu": ["@rollup/rollup-win32-x64-gnu@4.59.0", "", { "os": "win32", "cpu": "x64" }, "sha512-laBkYlSS1n2L8fSo1thDNGrCTQMmxjYY5G0WFWjFFYZkKPjsMBsgJfGf4TLxXrF6RyhI60L8TMOjBMvXiTcxeA=="],

    "@rollup/rollup-win32-x64-msvc": ["@rollup/rollup-win32-x64-msvc@4.59.0", "", { "os": "win32", "cpu": "x64" }, "sha512-2HRCml6OztYXyJXAvdDXPKcawukWY2GpR5/nxKp4iBgiO3wcoEGkAaqctIbZcNB6KlUQBIqt8VYkNSj2397EfA=="],

    "@types/bun": ["@types/bun@1.3.9", "", { "dependencies": { "bun-types": "1.3.9" } }, "sha512-KQ571yULOdWJiMH+RIWIOZ7B2RXQGpL1YQrBtLIV3FqDcCu6FsbFUBwhdKUlCKUpS3PJDsHlJ1QKlpxoVR+xtw=="],

    "@types/debug": ["@types/debug@4.1.12", "", { "dependencies": { "@types/ms": "*" } }, "sha512-vIChWdVG3LG1SMxEvI/AK+FWJthlrqlTu7fbrlywTkkaONwk/UAGaULXRlf8vkzFBLVm0zkMdCquhL5aOjhXPQ=="],

    "@types/estree": ["@types/estree@1.0.8", "", {}, "sha512-dWHzHa2WqEXI/O1E9OjrocMTKJl2mSrEolh1Iomrv6U+JuNwaHXsXx9bLu5gG7BUWFIN0skIQJQ/L1rIex4X6w=="],

    "@types/ms": ["@types/ms@2.1.0", "", {}, "sha512-GsCCIZDE/p3i96vtEqx+7dBUGXrc7zeSK3wwPHIaRThS+9OhWIXRqzs4d6k1SVU8g91DrNRWxWUGhp5KXQb2VA=="],

    "@types/node": ["@types/node@25.3.2", "", { "dependencies": { "undici-types": "~7.18.0" } }, "sha512-RpV6r/ij22zRRdyBPcxDeKAzH43phWVKEjL2iksqo1Vz3CuBUrgmPpPhALKiRfU7OMCmeeO9vECBMsV0hMTG8Q=="],

    "@types/resolve": ["@types/resolve@1.20.2", "", {}, "sha512-60BCwRFOZCQhDncwQdxxeOEEkbc5dIMccYLwbxsS4TUNeVECQ/pBJ0j09mrHOl/JJvpRPGwO9SvE4nR2Nb/a4Q=="],

    "astring": ["astring@1.9.0", "", { "bin": { "astring": "bin/astring" } }, "sha512-LElXdjswlqjWrPpJFg1Fx4wpkOCxj1TDHlSV4PlaRxHGWko024xICaa97ZkMfs6DRKlCguiAI+rbXv5GWwXIkg=="],

    "braces": ["braces@3.0.3", "", { "dependencies": { "fill-range": "^7.1.1" } }, "sha512-yQbXgO/OSZVD2IsiLlro+7Hf6Q18EJrKSEsdoMzKePKXct3gvD8oLcOQdIzGupr5Fj+EDe8gO/lxc1BzfMpxvA=="],

    "bun-types": ["bun-types@1.3.9", "", { "dependencies": { "@types/node": "*" } }, "sha512-+UBWWOakIP4Tswh0Bt0QD0alpTY8cb5hvgiYeWCMet9YukHbzuruIEeXC2D7nMJPB12kbh8C7XJykSexEqGKJg=="],

    "cjs-module-lexer": ["cjs-module-lexer@2.2.0", "", {}, "sha512-4bHTS2YuzUvtoLjdy+98ykbNB5jS0+07EvFNXerqZQJ89F7DI6ET7OQo/HJuW6K0aVsKA9hj9/RVb2kQVOrPDQ=="],

    "commondir": ["commondir@1.0.1", "", {}, "sha512-W9pAhw0ja1Edb5GVdIF1mjZw/ASI0AlShXM83UUGe2DVr5TdAPEA1OA8m/g8zWp9x6On7gqufY+FatDbC3MDQg=="],

    "debug": ["debug@4.4.3", "", { "dependencies": { "ms": "^2.1.3" } }, "sha512-RGwwWnwQvkVfavKVt22FGLw+xYSdzARwm0ru6DhTVA3umU5hZc28V3kO4stgYryrTlLpuvgI9GiijltAjNbcqA=="],

    "deepmerge": ["deepmerge@4.3.1", "", {}, "sha512-3sUqbMEc77XqpdNO7FRyRog+eW3ph+GYCbj+rK+uYyRMuwsVy0rMiVtPn+QJlKFvWP/1PYpapqYn0Me2knFn+A=="],

    "esbuild": ["esbuild@0.26.0", "", { "optionalDependencies": { "@esbuild/aix-ppc64": "0.26.0", "@esbuild/android-arm": "0.26.0", "@esbuild/android-arm64": "0.26.0", "@esbuild/android-x64": "0.26.0", "@esbuild/darwin-arm64": "0.26.0", "@esbuild/darwin-x64": "0.26.0", "@esbuild/freebsd-arm64": "0.26.0", "@esbuild/freebsd-x64": "0.26.0", "@esbuild/linux-arm": "0.26.0", "@esbuild/linux-arm64": "0.26.0", "@esbuild/linux-ia32": "0.26.0", "@esbuild/linux-loong64": "0.26.0", "@esbuild/linux-mips64el": "0.26.0", "@esbuild/linux-ppc64": "0.26.0", "@esbuild/linux-riscv64": "0.26.0", "@esbuild/linux-s390x": "0.26.0", "@esbuild/linux-x64": "0.26.0", "@esbuild/netbsd-arm64": "0.26.0", "@esbuild/netbsd-x64": "0.26.0", "@esbuild/openbsd-arm64": "0.26.0", "@esbuild/openbsd-x64": "0.26.0", "@esbuild/openharmony-arm64": "0.26.0", "@esbuild/sunos-x64": "0.26.0", "@esbuild/win32-arm64": "0.26.0", "@esbuild/win32-ia32": "0.26.0", "@esbuild/win32-x64": "0.26.0" }, "bin": { "esbuild": "bin/esbuild" } }, "sha512-3Hq7jri+tRrVWha+ZeIVhl4qJRha/XjRNSopvTsOaCvfPHrflTYTcUFcEjMKdxofsXXsdc4zjg5NOTnL4Gl57Q=="],

    "estree-walker": ["estree-walker@2.0.2", "", {}, "sha512-Rfkk/Mp/DL7JVje3u18FxFujQlTNR2q6QfMSMB7AvCBx91NGj/ba3kCfza0f6dVDbw7YlRf/nDrn7pQrCCyQ/w=="],

    "expect-type": ["expect-type@1.3.0", "", {}, "sha512-knvyeauYhqjOYvQ66MznSMs83wmHrCycNEN6Ao+2AeYEfxUIkuiVxdEa1qlGEPK+We3n0THiDciYSsCcgW/DoA=="],

    "fast-glob": ["fast-glob@3.3.3", "", { "dependencies": { "@nodelib/fs.stat": "^2.0.2", "@nodelib/fs.walk": "^1.2.3", "glob-parent": "^5.1.2", "merge2": "^1.3.0", "micromatch": "^4.0.8" } }, "sha512-7MptL8U0cqcFdzIzwOTHoilX9x5BrNqye7Z/LuC7kCMRio1EMSyqRK3BEAUD7sXRq4iT4AzTVuZdhgQ2TCvYLg=="],

    "fastq": ["fastq@1.20.1", "", { "dependencies": { "reusify": "^1.0.4" } }, "sha512-GGToxJ/w1x32s/D2EKND7kTil4n8OVk/9mycTc4VDza13lOvpUZTGX3mFSCtV9ksdGBVzvsyAVLM6mHFThxXxw=="],

    "fdir": ["fdir@6.5.0", "", { "peerDependencies": { "picomatch": "^3 || ^4" }, "optionalPeers": ["picomatch"] }, "sha512-tIbYtZbucOs0BRGqPJkshJUYdL+SDH7dVM8gjy+ERp3WAUjLEFJE+02kanyHtwjWOnwrKYBiwAmM0p4kLJAnXg=="],

    "fill-range": ["fill-range@7.1.1", "", { "dependencies": { "to-regex-range": "^5.0.1" } }, "sha512-YsGpe3WHLK8ZYi4tWDg2Jy3ebRz2rXowDxnld4bkQB00cc/1Zw9AWnC0i9ztDJitivtQvaI9KaLyKrc+hBW0yg=="],

    "fsevents": ["fsevents@2.3.3", "", { "os": "darwin" }, "sha512-5xoDfX+fL7faATnagmWPpbFtwh/R77WmMMqqHGS65C3vvB0YHrgF+B1YmZ3441tMj5n63k0212XNoJwzlhffQw=="],

    "function-bind": ["function-bind@1.1.2", "", {}, "sha512-7XHNxH7qX9xG5mIwxkhumTox/MIRNcOgDrxWsMt2pAr23WHp6MrRlN7FBSFpCpr+oVO0F744iUgR82nJMfG2SA=="],

    "glob-parent": ["glob-parent@5.1.2", "", { "dependencies": { "is-glob": "^4.0.1" } }, "sha512-AOIgSQCepiJYwP3ARnGx+5VnTu2HBYdzbGP45eLw1vr3zB3vZLeyed1sC9hnbcOc9/SrMyM5RPQrkGz4aS9Zow=="],

    "gramio": ["gramio@0.6.0", "", { "dependencies": { "@gramio/callback-data": "^0.1.0", "@gramio/composer": "^0.3.1", "@gramio/contexts": "^0.4.0", "@gramio/files": "^0.3.0", "@gramio/format": "^0.4.0", "@gramio/keyboards": "^1.3.0", "@gramio/types": "^9.4.2", "debug": "^4.4.3" } }, "sha512-SRrEssuGu+espVhrcj/UH6hvIpbsl0Yr80Dgh7EYtNiLsoWjIkdv42/VY2nAyM5M17Uj+5I5jFI2iwPn+LXGlQ=="],

    "hasown": ["hasown@2.0.2", "", { "dependencies": { "function-bind": "^1.1.2" } }, "sha512-0hJU9SCPvmMzIBdZFqNPXWa6dqh7WdH0cII9y+CyS8rG3nL48Bclra9HmKhVVUHyPWNH5Y7xDwAB7bfgSjkUMQ=="],

    "inspectable": ["inspectable@3.0.2", "", {}, "sha512-XHygPjNXXe1TWQLlVdCYLejUklsGGo+XWS3Cn/RlkvnhkbZqcQxoXPrSh7Via5aATYJUMWVnrD5CbW2c+BtKMA=="],

    "is-core-module": ["is-core-module@2.16.1", "", { "dependencies": { "hasown": "^2.0.2" } }, "sha512-UfoeMA6fIJ8wTYFEUjelnaGI67v6+N7qXJEvQuIGa99l4xsCruSYOVSQ0uPANn4dAzm8lkYPaKLrrijLq7x23w=="],

    "is-extglob": ["is-extglob@2.1.1", "", {}, "sha512-SbKbANkN603Vi4jEZv49LeVJMn4yGwsbzZworEoyEiutsN3nJYdbO36zfhGJ6QEDpOZIFkDtnq5JRxmvl3jsoQ=="],

    "is-glob": ["is-glob@4.0.3", "", { "dependencies": { "is-extglob": "^2.1.1" } }, "sha512-xelSayHH36ZgE7ZWhli7pW34hNbNl8Ojv5KVmkJD4hBdD3th8Tfk9vYasLM+mXWOZhFkgZfxhLSnrwRr4elSSg=="],

    "is-module": ["is-module@1.0.0", "", {}, "sha512-51ypPSPCoTEIN9dy5Oy+h4pShgJmPCygKfyRCISBI+JoWT/2oJvK8QPxmwv7b/p239jXrm9M1mlQbyKJ5A152g=="],

    "is-number": ["is-number@7.0.0", "", {}, "sha512-41Cifkg6e8TylSpdtTpeLVMqvSBEVzTttHvERD741+pnZ8ANv0004MRL43QKPDlK9cGvNp6NZWZUBlbGXYxxng=="],

    "is-reference": ["is-reference@1.2.1", "", { "dependencies": { "@types/estree": "*" } }, "sha512-U82MsXXiFIrjCK4otLT+o2NA2Cd2g5MLoOVXUZjIOhLurrRxpEXzI8O0KZHr3IjLvlAH1kTPYSuqer5T9ZVBKQ=="],

    "magic-string": ["magic-string@0.30.21", "", { "dependencies": { "@jridgewell/sourcemap-codec": "^1.5.5" } }, "sha512-vd2F4YUyEXKGcLHoq+TEyCjxueSeHnFxyyjNp80yg0XV4vUhnDer/lvvlqM/arB5bXQN5K2/3oinyCRyx8T2CQ=="],

    "merge2": ["merge2@1.4.1", "", {}, "sha512-8q7VEgMJW4J8tcfVPy8g09NcQwZdbwFEqhe/WZkoIzjn/3TGDwtOCYtXGxA3O8tPzpczCCDgv+P2P5y00ZJOOg=="],

    "micromatch": ["micromatch@4.0.8", "", { "dependencies": { "braces": "^3.0.3", "picomatch": "^2.3.1" } }, "sha512-PXwfBhYu0hBCPw8Dn0E+WDYb7af3dSLVWKi3HGv84IdF4TyFoC0ysxFd0Goxw7nSv4T/PzEJQxsYsEiFCKo2BA=="],

    "ms": ["ms@2.1.3", "", {}, "sha512-6FlzubTLZG3J2a/NVCAleEhjzq5oxgHyaCU9yYXvcLsvoVaHJq/s5xXI6/XXP6tz7R9xAOtHnSO/tXtF3WRTlA=="],

    "path-parse": ["path-parse@1.0.7", "", {}, "sha512-LDJzPVEEEPR+y48z93A0Ed0yXb8pAByGWo/k5YYdYgpY2/2EsOsksJrq7lOHxryrVOn1ejG6oAp8ahvOIQD8sw=="],

    "picomatch": ["picomatch@4.0.3", "", {}, "sha512-5gTmgEY/sqK6gFXLIsQNH19lWb4ebPDLA4SdLP7dsWkIXHWlG66oPuVvXSGFPppYZz8ZDZq0dYYrbHfBCVUb1Q=="],

    "pkgroll": ["pkgroll@2.27.0", "", { "dependencies": { "@rollup/plugin-alias": "^6.0.0", "@rollup/plugin-commonjs": "^29.0.0", "@rollup/plugin-dynamic-import-vars": "^2.1.5", "@rollup/plugin-json": "^6.1.0", "@rollup/plugin-node-resolve": "^16.0.3", "cjs-module-lexer": "^2.2.0", "esbuild": "^0.26.0", "magic-string": "^0.30.21", "rollup": "^4.53.5", "rollup-plugin-import-trace": "^1.0.1", "rollup-pluginutils": "^2.8.2", "yaml": "^2.8.2" }, "peerDependencies": { "typescript": "^4.1 || ^5.0" }, "optionalPeers": ["typescript"], "bin": { "pkgroll": "dist/cli.mjs" } }, "sha512-Huw5ZRxWTWeQ0PbNNKdbkAl52bPMy009RXdB4u3qjb47AMEBLG5VVF0V6oOD+YYiZaHaFxvjEeX+A2T9ckaClQ=="],

    "queue-microtask": ["queue-microtask@1.2.3", "", {}, "sha512-NuaNSa6flKT5JaSYQzJok04JzTL1CA6aGhv5rfLW3PgqA+M2ChpZQnAC8h8i4ZFkBS8X5RqkDBHA7r4hej3K9A=="],

    "resolve": ["resolve@1.22.11", "", { "dependencies": { "is-core-module": "^2.16.1", "path-parse": "^1.0.7", "supports-preserve-symlinks-flag": "^1.0.0" }, "bin": { "resolve": "bin/resolve" } }, "sha512-RfqAvLnMl313r7c9oclB1HhUEAezcpLjz95wFH4LVuhk9JF/r22qmVP9AMmOU4vMX7Q8pN8jwNg/CSpdFnMjTQ=="],

    "reusify": ["reusify@1.1.0", "", {}, "sha512-g6QUff04oZpHs0eG5p83rFLhHeV00ug/Yf9nZM6fLeUrPguBTkTQOdpAWWspMh55TZfVQDPaN3NQJfbVRAxdIw=="],

    "rollup": ["rollup@4.59.0", "", { "dependencies": { "@types/estree": "1.0.8" }, "optionalDependencies": { "@rollup/rollup-android-arm-eabi": "4.59.0", "@rollup/rollup-android-arm64": "4.59.0", "@rollup/rollup-darwin-arm64": "4.59.0", "@rollup/rollup-darwin-x64": "4.59.0", "@rollup/rollup-freebsd-arm64": "4.59.0", "@rollup/rollup-freebsd-x64": "4.59.0", "@rollup/rollup-linux-arm-gnueabihf": "4.59.0", "@rollup/rollup-linux-arm-musleabihf": "4.59.0", "@rollup/rollup-linux-arm64-gnu": "4.59.0", "@rollup/rollup-linux-arm64-musl": "4.59.0", "@rollup/rollup-linux-loong64-gnu": "4.59.0", "@rollup/rollup-linux-loong64-musl": "4.59.0", "@rollup/rollup-linux-ppc64-gnu": "4.59.0", "@rollup/rollup-linux-ppc64-musl": "4.59.0", "@rollup/rollup-linux-riscv64-gnu": "4.59.0", "@rollup/rollup-linux-riscv64-musl": "4.59.0", "@rollup/rollup-linux-s390x-gnu": "4.59.0", "@rollup/rollup-linux-x64-gnu": "4.59.0", "@rollup/rollup-linux-x64-musl": "4.59.0", "@rollup/rollup-openbsd-x64": "4.59.0", "@rollup/rollup-openharmony-arm64": "4.59.0", "@rollup/rollup-win32-arm64-msvc": "4.59.0", "@rollup/rollup-win32-ia32-msvc": "4.59.0", "@rollup/rollup-win32-x64-gnu": "4.59.0", "@rollup/rollup-win32-x64-msvc": "4.59.0", "fsevents": "~2.3.2" }, "bin": { "rollup": "dist/bin/rollup" } }, "sha512-2oMpl67a3zCH9H79LeMcbDhXW/UmWG/y2zuqnF2jQq5uq9TbM9TVyXvA4+t+ne2IIkBdrLpAaRQAvo7YI/Yyeg=="],

    "rollup-plugin-import-trace": ["rollup-plugin-import-trace@1.0.1", "", { "peerDependencies": { "rollup": "^3.0.0 || ^4.0.0", "vite": "^5.0.0 || ^6.0.0 || ^7.0.0" }, "optionalPeers": ["rollup", "vite"] }, "sha512-dWOKrdYba2BXDJh82kkuM4pAR3M6r7WFp6vbVxAgvLfug2WniMFAg2uZ5sNQ/8CoQWo5l2N5EXDG8+QClKk1YQ=="],

    "rollup-pluginutils": ["rollup-pluginutils@2.8.2", "", { "dependencies": { "estree-walker": "^0.6.1" } }, "sha512-EEp9NhnUkwY8aif6bxgovPHMoMoNr2FulJziTndpt5H9RdwC47GSGuII9XxpSdzVGM0GWrNPHV6ie1LTNJPaLQ=="],

    "run-parallel": ["run-parallel@1.2.0", "", { "dependencies": { "queue-microtask": "^1.2.2" } }, "sha512-5l4VyZR86LZ/lDxZTR6jqL8AFE2S0IFLMP26AbjsLVADxHdhB/c0GUsH+y39UfCi3dzz8OlQuPmnaJOMoDHQBA=="],

    "supports-preserve-symlinks-flag": ["supports-preserve-symlinks-flag@1.0.0", "", {}, "sha512-ot0WnXS9fgdkgIcePe6RHNk1WA8+muPa6cSjeR3V8K27q9BB1rTE3R1p7Hv0z1ZyAc8s6Vvv8DIyWf681MAt0w=="],

    "to-regex-range": ["to-regex-range@5.0.1", "", { "dependencies": { "is-number": "^7.0.0" } }, "sha512-65P7iz6X5yEr1cwcgvQxbbIw7Uk3gOy5dIdtZ4rDveLqhrdJP+Li/Hx6tyK0NEb+2GCyneCMJiGqrADCSNk8sQ=="],

    "typescript": ["typescript@5.9.3", "", { "bin": { "tsc": "bin/tsc", "tsserver": "bin/tsserver" } }, "sha512-jl1vZzPDinLr9eUt3J/t7V6FgNEw9QjvBPdysz9KfQDD41fQrC2Y4vKQdiaUpFT4bXlb1RHhLpp8wtm6M5TgSw=="],

    "undici-types": ["undici-types@7.18.2", "", {}, "sha512-AsuCzffGHJybSaRrmr5eHr81mwJU3kjw6M+uprWvCXiNeN9SOGwQ3Jn8jb8m3Z6izVgknn1R0FTCEAP2QrLY/w=="],

    "yaml": ["yaml@2.8.2", "", { "bin": { "yaml": "bin.mjs" } }, "sha512-mplynKqc1C2hTVYxd0PU2xQAc22TI1vShAYGksCCfxbn/dFwnHTNi1bvYsBTkhdUNtGIf5xNOg938rrSSYvS9A=="],

    "@gramio/files/@gramio/types": ["@gramio/types@9.4.2", "", {}, "sha512-cRmSv7XTmIq9yiq7Vl6ofUnqoot7xrLf1qDhqWtm5TAMPR3Z7T3Zt1764WDE3T801JjG8xQIMdj5TNY6R6N5AQ=="],

    "@gramio/keyboards/@gramio/types": ["@gramio/types@9.4.2", "", {}, "sha512-cRmSv7XTmIq9yiq7Vl6ofUnqoot7xrLf1qDhqWtm5TAMPR3Z7T3Zt1764WDE3T801JjG8xQIMdj5TNY6R6N5AQ=="],

    "gramio/@gramio/composer": ["@gramio/composer@0.3.1", "", {}, "sha512-m/OJPlwXSR/Fbne1Jgi3cMNrNRa6UBXasCpnySXvVztpGcZ239UutOGRnwGTwaUhxt6+Jp6ET9KlvTg8Hr1/7g=="],

    "gramio/@gramio/contexts": ["@gramio/contexts@0.4.0", "", { "peerDependencies": { "@gramio/types": "^9.4.0", "inspectable": "^3.0.1" } }, "sha512-yWThdaII6ewPWvVlYHYWzVKGAmzMmP0PDYkdLz64Jd8sKh2vmimLap7nVcw0ZvITY5U6USDJX8Cxun/rvx7qmA=="],

    "gramio/@gramio/files": ["@gramio/files@0.3.0", "", { "dependencies": { "@gramio/types": "^9.0.0" } }, "sha512-ZdrwRm57xxWzQ+KxGB5V2aC6raZ9B0yZavkPhd0JzKFUkKS1jbeG3W35qQxdlZZLtD9aeZbjwRAHk4VrRDbpqA=="],

    "gramio/@gramio/format": ["@gramio/format@0.4.0", "", { "dependencies": { "@gramio/types": "^9.1.3" }, "peerDependencies": { "marked": "^15.0.11", "node-html-parser": ">=6.0.0" }, "optionalPeers": ["marked", "node-html-parser"] }, "sha512-UiSn92H2RVv2yUbtmCwI8PIxUocinQYuPcUoQhp11o+mnuMf3yIQuNLIe4/Vc4tuE4LlTK1VBvJswacK3iGrLQ=="],

    "gramio/@gramio/types": ["@gramio/types@9.4.2", "", {}, "sha512-cRmSv7XTmIq9yiq7Vl6ofUnqoot7xrLf1qDhqWtm5TAMPR3Z7T3Zt1764WDE3T801JjG8xQIMdj5TNY6R6N5AQ=="],

    "micromatch/picomatch": ["picomatch@2.3.1", "", {}, "sha512-JU3teHTNjmE2VCGFzuY8EXzCDVwEqB2a8fsIvwaStHhAWJEeVd1o1QD80CU6+ZdEXXSLbSsuLwJjkCBWqRQUVA=="],

    "rollup-pluginutils/estree-walker": ["estree-walker@0.6.1", "", {}, "sha512-SqmZANLWS0mnatqbSfRP5g8OXZC12Fgg1IwNtLsyHDzJizORW4khDfjPqJZsemPWBB2uqykUah5YpQ6epsqC/w=="],
  }
}
